
Microsoft Visual Studio Solution File, Format Version 12.00
# Visual Studio Version 17
VisualStudioVersion = 17.6.33815.320
MinimumVisualStudioVersion = 10.0.40219.1
Project("{F184B08F-C81C-45F6-A57F-5ABD9991F28F}") = "MyDemoDll", "MyDemoDll.vbproj", "{0EC71410-5FEE-4134-95B9-368BE8F16CC4}"
EndProject
Global
	GlobalSection(SolutionConfigurationPlatforms) = preSolution
		Debug|Any CPU = Debug|Any CPU
		Release|Any CPU = Release|Any CPU
	EndGlobalSection
	GlobalSection(ProjectConfigurationPlatforms) = postSolution
		{0EC71410-5FEE-4134-95B9-368BE8F16CC4}.Debug|Any CPU.ActiveCfg = Debug|Any CPU
		{0EC71410-5FEE-4134-95B9-368BE8F16CC4}.Debug|Any CPU.Build.0 = Debug|Any CPU
		{0EC71410-5FEE-4134-95B9-368BE8F16CC4}.Release|Any CPU.ActiveCfg = Release|Any CPU
		{0EC71410-5FEE-4134-95B9-368BE8F16CC4}.Release|Any CPU.Build.0 = Release|Any CPU
	EndGlobalSection
	GlobalSection(SolutionProperties) = preSolution
		HideSolutionNode = FALSE
	EndGlobalSection
	GlobalSection(ExtensibilityGlobals) = postSolution
		SolutionGuid = {97A08C98-960B-4356-8341-7341CF6899FE}
	EndGlobalSection
EndGlobal
