
Microsoft Visual Studio Solution File, Format Version 12.00
# Visual Studio Version 17
VisualStudioVersion = 17.6.33815.320
MinimumVisualStudioVersion = 10.0.40219.1
Project("{F184B08F-C81C-45F6-A57F-5ABD9991F28F}") = "file-stream", "file-stream.vbproj", "{8A4C068A-E50D-4CF3-AD9C-1A777B2891FC}"
EndProject
Global
	GlobalSection(SolutionConfigurationPlatforms) = preSolution
		Debug|Any CPU = Debug|Any CPU
		Release|Any CPU = Release|Any CPU
	EndGlobalSection
	GlobalSection(ProjectConfigurationPlatforms) = postSolution
		{8A4C068A-E50D-4CF3-AD9C-1A777B2891FC}.Debug|Any CPU.ActiveCfg = Debug|Any CPU
		{8A4C068A-E50D-4CF3-AD9C-1A777B2891FC}.Debug|Any CPU.Build.0 = Debug|Any CPU
		{8A4C068A-E50D-4CF3-AD9C-1A777B2891FC}.Release|Any CPU.ActiveCfg = Release|Any CPU
		{8A4C068A-E50D-4CF3-AD9C-1A777B2891FC}.Release|Any CPU.Build.0 = Release|Any CPU
	EndGlobalSection
	GlobalSection(SolutionProperties) = preSolution
		HideSolutionNode = FALSE
	EndGlobalSection
	GlobalSection(ExtensibilityGlobals) = postSolution
		SolutionGuid = {8436F6E7-0E85-4A89-9FED-3B00FEC90D73}
	EndGlobalSection
EndGlobal
