
Microsoft Visual Studio Solution File, Format Version 12.00
# Visual Studio Version 17
VisualStudioVersion = 17.6.33815.320
MinimumVisualStudioVersion = 10.0.40219.1
Project("{F184B08F-C81C-45F6-A57F-5ABD9991F28F}") = "project2", "project2.vbproj", "{DD54AAD7-1A99-40CB-8BD5-144D702B4871}"
EndProject
Global
	GlobalSection(SolutionConfigurationPlatforms) = preSolution
		Debug|Any CPU = Debug|Any CPU
		Release|Any CPU = Release|Any CPU
	EndGlobalSection
	GlobalSection(ProjectConfigurationPlatforms) = postSolution
		{DD54AAD7-1A99-40CB-8BD5-144D702B4871}.Debug|Any CPU.ActiveCfg = Debug|Any CPU
		{DD54AAD7-1A99-40CB-8BD5-144D702B4871}.Debug|Any CPU.Build.0 = Debug|Any CPU
		{DD54AAD7-1A99-40CB-8BD5-144D702B4871}.Release|Any CPU.ActiveCfg = Release|Any CPU
		{DD54AAD7-1A99-40CB-8BD5-144D702B4871}.Release|Any CPU.Build.0 = Release|Any CPU
	EndGlobalSection
	GlobalSection(SolutionProperties) = preSolution
		HideSolutionNode = FALSE
	EndGlobalSection
	GlobalSection(ExtensibilityGlobals) = postSolution
		SolutionGuid = {0F23C31F-9B8F-485E-85FE-3A84D896B757}
	EndGlobalSection
EndGlobal
